
Microsoft Visual Studio Solution File, Format Version 12.00
# Visual Studio Version 17
VisualStudioVersion = 17.7.34031.279
MinimumVisualStudioVersion = 10.0.40219.1
Project("{FAE04EC0-301F-11D3-BF4B-00C04F79EFBC}") = "ProjektWeb", "ProjektWeb\ProjektWeb.csproj", "{5528634C-F8F4-448A-97AB-5EC069A91CA1}"
EndProject
Global
	GlobalSection(SolutionConfigurationPlatforms) = preSolution
		Debug|Any CPU = Debug|Any CPU
		Release|Any CPU = Release|Any CPU
	EndGlobalSection
	GlobalSection(ProjectConfigurationPlatforms) = postSolution
		{5528634C-F8F4-448A-97AB-5EC069A91CA1}.Debug|Any CPU.ActiveCfg = Debug|Any CPU
		{5528634C-F8F4-448A-97AB-5EC069A91CA1}.Debug|Any CPU.Build.0 = Debug|Any CPU
		{5528634C-F8F4-448A-97AB-5EC069A91CA1}.Release|Any CPU.ActiveCfg = Release|Any CPU
		{5528634C-F8F4-448A-97AB-5EC069A91CA1}.Release|Any CPU.Build.0 = Release|Any CPU
	EndGlobalSection
	GlobalSection(SolutionProperties) = preSolution
		HideSolutionNode = FALSE
	EndGlobalSection
	GlobalSection(ExtensibilityGlobals) = postSolution
		SolutionGuid = {E348E000-643E-415D-9263-F448E353E1F7}
	EndGlobalSection
EndGlobal
